// !$*UTF8*$!
{
	archiveVersion = 1;
	classes = {
	};
	objectVersion = 46;
	objects = {

/* Begin PBXBuildFile section */
		92B0DCF91AAF5D1E0029DE67 /* SecondViewController.m in Sources */ = {isa = PBXBuildFile; fileRef = 92B0DCF81AAF5D1E0029DE67 /* SecondViewController.m */; };
		92B0DCFC1AAF5D3F0029DE67 /* ThirdViewController.m in Sources */ = {isa = PBXBuildFile; fileRef = 92B0DCFB1AAF5D3F0029DE67 /* ThirdViewController.m */; };
		92FD31781AAE715F00A7AA1D /* main.m in Sources */ = {isa = PBXBuildFile; fileRef = 92FD31771AAE715F00A7AA1D /* main.m */; };
		92FD317B1AAE715F00A7AA1D /* AppDelegate.m in Sources */ = {isa = PBXBuildFile; fileRef = 92FD317A1AAE715F00A7AA1D /* AppDelegate.m */; };
		92FD317E1AAE715F00A7AA1D /* ViewController.m in Sources */ = {isa = PBXBuildFile; fileRef = 92FD317D1AAE715F00A7AA1D /* ViewController.m */; };
		92FD31811AAE715F00A7AA1D /* Main.storyboard in Resources */ = {isa = PBXBuildFile; fileRef = 92FD317F1AAE715F00A7AA1D /* Main.storyboard */; };
		92FD31831AAE715F00A7AA1D /* Images.xcassets in Resources */ = {isa = PBXBuildFile; fileRef = 92FD31821AAE715F00A7AA1D /* Images.xcassets */; };
		92FD31861AAE715F00A7AA1D /* LaunchScreen.xib in Resources */ = {isa = PBXBuildFile; fileRef = 92FD31841AAE715F00A7AA1D /* LaunchScreen.xib */; };
		92FD31921AAE715F00A7AA1D /* Pick_A_PathTests.m in Sources */ = {isa = PBXBuildFile; fileRef = 92FD31911AAE715F00A7AA1D /* Pick_A_PathTests.m */; };
		92FD319D1AAE797B00A7AA1D /* Page.m in Sources */ = {isa = PBXBuildFile; fileRef = 92FD319C1AAE797B00A7AA1D /* Page.m */; };
/* End PBXBuildFile section */

/* Begin PBXContainerItemProxy section */
		92FD318C1AAE715F00A7AA1D /* PBXContainerItemProxy */ = {
			isa = PBXContainerItemProxy;
			containerPortal = 92FD316A1AAE715F00A7AA1D /* Project object */;
			proxyType = 1;
			remoteGlobalIDString = 92FD31711AAE715F00A7AA1D;
			remoteInfo = Pick_A_Path;
		};
/* End PBXContainerItemProxy section */

/* Begin PBXFileReference section */
		92B0DCF71AAF5D1E0029DE67 /* SecondViewController.h */ = {isa = PBXFileReference; fileEncoding = 4; lastKnownFileType = sourcecode.c.h; path = SecondViewController.h; sourceTree = "<group>"; };
		92B0DCF81AAF5D1E0029DE67 /* SecondViewController.m */ = {isa = PBXFileReference; fileEncoding = 4; lastKnownFileType = sourcecode.c.objc; path = SecondViewController.m; sourceTree = "<group>"; };
		92B0DCFA1AAF5D3F0029DE67 /* ThirdViewController.h */ = {isa = PBXFileReference; fileEncoding = 4; lastKnownFileType = sourcecode.c.h; path = ThirdViewController.h; sourceTree = "<group>"; };
		92B0DCFB1AAF5D3F0029DE67 /* ThirdViewController.m */ = {isa = PBXFileReference; fileEncoding = 4; lastKnownFileType = sourcecode.c.objc; path = ThirdViewController.m; sourceTree = "<group>"; };
		92FD31721AAE715F00A7AA1D /* Pick_A_Path.app */ = {isa = PBXFileReference; explicitFileType = wrapper.application; includeInIndex = 0; path = Pick_A_Path.app; sourceTree = BUILT_PRODUCTS_DIR; };
		92FD31761AAE715F00A7AA1D /* Info.plist */ = {isa = PBXFileReference; lastKnownFileType = text.plist.xml; path = Info.plist; sourceTree = "<group>"; };
		92FD31771AAE715F00A7AA1D /* main.m */ = {isa = PBXFileReference; lastKnownFileType = sourcecode.c.objc; path = main.m; sourceTree = "<group>"; };
		92FD31791AAE715F00A7AA1D /* AppDelegate.h */ = {isa = PBXFileReference; lastKnownFileType = sourcecode.c.h; path = AppDelegate.h; sourceTree = "<group>"; };
		92FD317A1AAE715F00A7AA1D /* AppDelegate.m */ = {isa = PBXFileReference; lastKnownFileType = sourcecode.c.objc; path = AppDelegate.m; sourceTree = "<group>"; };
		92FD317C1AAE715F00A7AA1D /* ViewController.h */ = {isa = PBXFileReference; lastKnownFileType = sourcecode.c.h; path = ViewController.h; sourceTree = "<group>"; };
		92FD317D1AAE715F00A7AA1D /* ViewController.m */ = {isa = PBXFileReference; lastKnownFileType = sourcecode.c.objc; path = ViewController.m; sourceTree = "<group>"; };
		92FD31801AAE715F00A7AA1D /* Base */ = {isa = PBXFileReference; lastKnownFileType = file.storyboard; name = Base; path = Base.lproj/Main.storyboard; sourceTree = "<group>"; };
		92FD31821AAE715F00A7AA1D /* Images.xcassets */ = {isa = PBXFileReference; lastKnownFileType = folder.assetcatalog; path = Images.xcassets; sourceTree = "<group>"; };
		92FD31851AAE715F00A7AA1D /* Base */ = {isa = PBXFileReference; lastKnownFileType = file.xib; name = Base; path = Base.lproj/LaunchScreen.xib; sourceTree = "<group>"; };
		92FD318B1AAE715F00A7AA1D /* Pick_A_PathTests.xctest */ = {isa = PBXFileReference; explicitFileType = wrapper.cfbundle; includeInIndex = 0; path = Pick_A_PathTests.xctest; sourceTree = BUILT_PRODUCTS_DIR; };
		92FD31901AAE715F00A7AA1D /* Info.plist */ = {isa = PBXFileReference; lastKnownFileType = text.plist.xml; path = Info.plist; sourceTree = "<group>"; };
		92FD31911AAE715F00A7AA1D /* Pick_A_PathTests.m */ = {isa = PBXFileReference; lastKnownFileType = sourcecode.c.objc; path = Pick_A_PathTests.m; sourceTree = "<group>"; };
		92FD319B1AAE797B00A7AA1D /* Page.h */ = {isa = PBXFileReference; fileEncoding = 4; lastKnownFileType = sourcecode.c.h; path = Page.h; sourceTree = "<group>"; };
		92FD319C1AAE797B00A7AA1D /* Page.m */ = {isa = PBXFileReference; fileEncoding = 4; lastKnownFileType = sourcecode.c.objc; path = Page.m; sourceTree = "<group>"; };
/* End PBXFileReference section */

/* Begin PBXFrameworksBuildPhase section */
		92FD316F1AAE715F00A7AA1D /* Frameworks */ = {
			isa = PBXFrameworksBuildPhase;
			buildActionMask = 2147483647;
			files = (
			);
			runOnlyForDeploymentPostprocessing = 0;
		};
		92FD31881AAE715F00A7AA1D /* Frameworks */ = {
			isa = PBXFrameworksBuildPhase;
			buildActionMask = 2147483647;
			files = (
			);
			runOnlyForDeploymentPostprocessing = 0;
		};
/* End PBXFrameworksBuildPhase section */

/* Begin PBXGroup section */
		92FD31691AAE715F00A7AA1D = {
			isa = PBXGroup;
			children = (
				92FD31741AAE715F00A7AA1D /* Pick_A_Path */,
				92FD318E1AAE715F00A7AA1D /* Pick_A_PathTests */,
				92FD31731AAE715F00A7AA1D /* Products */,
			);
			sourceTree = "<group>";
		};
		92FD31731AAE715F00A7AA1D /* Products */ = {
			isa = PBXGroup;
			children = (
				92FD31721AAE715F00A7AA1D /* Pick_A_Path.app */,
				92FD318B1AAE715F00A7AA1D /* Pick_A_PathTests.xctest */,
			);
			name = Products;
			sourceTree = "<group>";
		};
		92FD31741AAE715F00A7AA1D /* Pick_A_Path */ = {
			isa = PBXGroup;
			children = (
				92FD31791AAE715F00A7AA1D /* AppDelegate.h */,
				92FD317A1AAE715F00A7AA1D /* AppDelegate.m */,
				92FD317C1AAE715F00A7AA1D /* ViewController.h */,
				92FD317D1AAE715F00A7AA1D /* ViewController.m */,
				92FD317F1AAE715F00A7AA1D /* Main.storyboard */,
				92B0DCFA1AAF5D3F0029DE67 /* ThirdViewController.h */,
				92B0DCFB1AAF5D3F0029DE67 /* ThirdViewController.m */,
				92B0DCF71AAF5D1E0029DE67 /* SecondViewController.h */,
				92B0DCF81AAF5D1E0029DE67 /* SecondViewController.m */,
				92FD319B1AAE797B00A7AA1D /* Page.h */,
				92FD319C1AAE797B00A7AA1D /* Page.m */,
				92FD31821AAE715F00A7AA1D /* Images.xcassets */,
				92FD31841AAE715F00A7AA1D /* LaunchScreen.xib */,
				92FD31751AAE715F00A7AA1D /* Supporting Files */,
			);
			path = Pick_A_Path;
			sourceTree = "<group>";
		};
		92FD31751AAE715F00A7AA1D /* Supporting Files */ = {
			isa = PBXGroup;
			children = (
				92FD31761AAE715F00A7AA1D /* Info.plist */,
				92FD31771AAE715F00A7AA1D /* main.m */,
			);
			name = "Supporting Files";
			sourceTree = "<group>";
		};
		92FD318E1AAE715F00A7AA1D /* Pick_A_PathTests */ = {
			isa = PBXGroup;
			children = (
				92FD31911AAE715F00A7AA1D /* Pick_A_PathTests.m */,
				92FD318F1AAE715F00A7AA1D /* Supporting Files */,
			);
			path = Pick_A_PathTests;
			sourceTree = "<group>";
		};
		92FD318F1AAE715F00A7AA1D /* Supporting Files */ = {
			isa = PBXGroup;
			children = (
				92FD31901AAE715F00A7AA1D /* Info.plist */,
			);
			name = "Supporting Files";
			sourceTree = "<group>";
		};
/* End PBXGroup section */

/* Begin PBXNativeTarget section */
		92FD31711AAE715F00A7AA1D /* Pick_A_Path */ = {
			isa = PBXNativeTarget;
			buildConfigurationList = 92FD31951AAE715F00A7AA1D /* Build configuration list for PBXNativeTarget "Pick_A_Path" */;
			buildPhases = (
				92FD316E1AAE715F00A7AA1D /* Sources */,
				92FD316F1AAE715F00A7AA1D /* Frameworks */,
				92FD31701AAE715F00A7AA1D /* Resources */,
			);
			buildRules = (
			);
			dependencies = (
			);
			name = Pick_A_Path;
			productName = Pick_A_Path;
			productReference = 92FD31721AAE715F00A7AA1D /* Pick_A_Path.app */;
			productType = "com.apple.product-type.application";
		};
		92FD318A1AAE715F00A7AA1D /* Pick_A_PathTests */ = {
			isa = PBXNativeTarget;
			buildConfigurationList = 92FD31981AAE715F00A7AA1D /* Build configuration list for PBXNativeTarget "Pick_A_PathTests" */;
			buildPhases = (
				92FD31871AAE715F00A7AA1D /* Sources */,
				92FD31881AAE715F00A7AA1D /* Frameworks */,
				92FD31891AAE715F00A7AA1D /* Resources */,
			);
			buildRules = (
			);
			dependencies = (
				92FD318D1AAE715F00A7AA1D /* PBXTargetDependency */,
			);
			name = Pick_A_PathTests;
			productName = Pick_A_PathTests;
			productReference = 92FD318B1AAE715F00A7AA1D /* Pick_A_PathTests.xctest */;
			productType = "com.apple.product-type.bundle.unit-test";
		};
/* End PBXNativeTarget section */

/* Begin PBXProject section */
		92FD316A1AAE715F00A7AA1D /* Project object */ = {
			isa = PBXProject;
			attributes = {
				LastUpgradeCheck = 0610;
				ORGANIZATIONNAME = "Nathan Bisson";
				TargetAttributes = {
					92FD31711AAE715F00A7AA1D = {
						CreatedOnToolsVersion = 6.1.1;
					};
					92FD318A1AAE715F00A7AA1D = {
						CreatedOnToolsVersion = 6.1.1;
						TestTargetID = 92FD31711AAE715F00A7AA1D;
					};
				};
			};
			buildConfigurationList = 92FD316D1AAE715F00A7AA1D /* Build configuration list for PBXProject "Pick_A_Path" */;
			compatibilityVersion = "Xcode 3.2";
			developmentRegion = English;
			hasScannedForEncodings = 0;
			knownRegions = (
				en,
				Base,
			);
			mainGroup = 92FD31691AAE715F00A7AA1D;
			productRefGroup = 92FD31731AAE715F00A7AA1D /* Products */;
			projectDirPath = "";
			projectRoot = "";
			targets = (
				92FD31711AAE715F00A7AA1D /* Pick_A_Path */,
				92FD318A1AAE715F00A7AA1D /* Pick_A_PathTests */,
			);
		};
/* End PBXProject section */

/* Begin PBXResourcesBuildPhase section */
		92FD31701AAE715F00A7AA1D /* Resources */ = {
			isa = PBXResourcesBuildPhase;
			buildActionMask = 2147483647;
			files = (
				92FD31811AAE715F00A7AA1D /* Main.storyboard in Resources */,
				92FD31861AAE715F00A7AA1D /* LaunchScreen.xib in Resources */,
				92FD31831AAE715F00A7AA1D /* Images.xcassets in Resources */,
			);
			runOnlyForDeploymentPostprocessing = 0;
		};
		92FD31891AAE715F00A7AA1D /* Resources */ = {
			isa = PBXResourcesBuildPhase;
			buildActionMask = 2147483647;
			files = (
			);
			runOnlyForDeploymentPostprocessing = 0;
		};
/* End PBXResourcesBuildPhase section */

/* Begin PBXSourcesBuildPhase section */
		92FD316E1AAE715F00A7AA1D /* Sources */ = {
			isa = PBXSourcesBuildPhase;
			buildActionMask = 2147483647;
			files = (
				92B0DCF91AAF5D1E0029DE67 /* SecondViewController.m in Sources */,
				92FD317E1AAE715F00A7AA1D /* ViewController.m in Sources */,
				92B0DCFC1AAF5D3F0029DE67 /* ThirdViewController.m in Sources */,
				92FD317B1AAE715F00A7AA1D /* AppDelegate.m in Sources */,
				92FD319D1AAE797B00A7AA1D /* Page.m in Sources */,
				92FD31781AAE715F00A7AA1D /* main.m in Sources */,
			);
			runOnlyForDeploymentPostprocessing = 0;
		};
		92FD31871AAE715F00A7AA1D /* Sources */ = {
			isa = PBXSourcesBuildPhase;
			buildActionMask = 2147483647;
			files = (
				92FD31921AAE715F00A7AA1D /* Pick_A_PathTests.m in Sources */,
			);
			runOnlyForDeploymentPostprocessing = 0;
		};
/* End PBXSourcesBuildPhase section */

/* Begin PBXTargetDependency section */
		92FD318D1AAE715F00A7AA1D /* PBXTargetDependency */ = {
			isa = PBXTargetDependency;
			target = 92FD31711AAE715F00A7AA1D /* Pick_A_Path */;
			targetProxy = 92FD318C1AAE715F00A7AA1D /* PBXContainerItemProxy */;
		};
/* End PBXTargetDependency section */

/* Begin PBXVariantGroup section */
		92FD317F1AAE715F00A7AA1D /* Main.storyboard */ = {
			isa = PBXVariantGroup;
			children = (
				92FD31801AAE715F00A7AA1D /* Base */,
			);
			name = Main.storyboard;
			sourceTree = "<group>";
		};
		92FD31841AAE715F00A7AA1D /* LaunchScreen.xib */ = {
			isa = PBXVariantGroup;
			children = (
				92FD31851AAE715F00A7AA1D /* Base */,
			);
			name = LaunchScreen.xib;
			sourceTree = "<group>";
		};
/* End PBXVariantGroup section */

/* Begin XCBuildConfiguration section */
		92FD31931AAE715F00A7AA1D /* Debug */ = {
			isa = XCBuildConfiguration;
			buildSettings = {
				ALWAYS_SEARCH_USER_PATHS = NO;
				CLANG_CXX_LANGUAGE_STANDARD = "gnu++0x";
				CLANG_CXX_LIBRARY = "libc++";
				CLANG_ENABLE_MODULES = YES;
				CLANG_ENABLE_OBJC_ARC = YES;
				CLANG_WARN_BOOL_CONVERSION = YES;
				CLANG_WARN_CONSTANT_CONVERSION = YES;
				CLANG_WARN_DIRECT_OBJC_ISA_USAGE = YES_ERROR;
				CLANG_WARN_EMPTY_BODY = YES;
				CLANG_WARN_ENUM_CONVERSION = YES;
				CLANG_WARN_INT_CONVERSION = YES;
				CLANG_WARN_OBJC_ROOT_CLASS = YES_ERROR;
				CLANG_WARN_UNREACHABLE_CODE = YES;
				CLANG_WARN__DUPLICATE_METHOD_MATCH = YES;
				"CODE_SIGN_IDENTITY[sdk=iphoneos*]" = "iPhone Developer";
				COPY_PHASE_STRIP = NO;
				ENABLE_STRICT_OBJC_MSGSEND = YES;
				GCC_C_LANGUAGE_STANDARD = gnu99;
				GCC_DYNAMIC_NO_PIC = NO;
				GCC_OPTIMIZATION_LEVEL = 0;
				GCC_PREPROCESSOR_DEFINITIONS = (
					"DEBUG=1",
					"$(inherited)",
				);
				GCC_SYMBOLS_PRIVATE_EXTERN = NO;
				GCC_WARN_64_TO_32_BIT_CONVERSION = YES;
				GCC_WARN_ABOUT_RETURN_TYPE = YES_ERROR;
				GCC_WARN_UNDECLARED_SELECTOR = YES;
				GCC_WARN_UNINITIALIZED_AUTOS = YES_AGGRESSIVE;
				GCC_WARN_UNUSED_FUNCTION = YES;
				GCC_WARN_UNUSED_VARIABLE = YES;
				IPHONEOS_DEPLOYMENT_TARGET = 8.1;
				MTL_ENABLE_DEBUG_INFO = YES;
				ONLY_ACTIVE_ARCH = YES;
				SDKROOT = iphoneos;
			};
			name = Debug;
		};
		92FD31941AAE715F00A7AA1D /* Release */ = {
			isa = XCBuildConfiguration;
			buildSettings = {
				ALWAYS_SEARCH_USER_PATHS = NO;
				CLANG_CXX_LANGUAGE_STANDARD = "gnu++0x";
				CLANG_CXX_LIBRARY = "libc++";
				CLANG_ENABLE_MODULES = YES;
				CLANG_ENABLE_OBJC_ARC = YES;
				CLANG_WARN_BOOL_CONVERSION = YES;
				CLANG_WARN_CONSTANT_CONVERSION = YES;
				CLANG_WARN_DIRECT_OBJC_ISA_USAGE = YES_ERROR;
				CLANG_WARN_EMPTY_BODY = YES;
				CLANG_WARN_ENUM_CONVERSION = YES;
				CLANG_WARN_INT_CONVERSION = YES;
				CLANG_WARN_OBJC_ROOT_CLASS = YES_ERROR;
				CLANG_WARN_UNREACHABLE_CODE = YES;
				CLANG_WARN__DUPLICATE_METHOD_MATCH = YES;
				"CODE_SIGN_IDENTITY[sdk=iphoneos*]" = "iPhone Developer";
				COPY_PHASE_STRIP = YES;
				ENABLE_NS_ASSERTIONS = NO;
				ENABLE_STRICT_OBJC_MSGSEND = YES;
				GCC_C_LANGUAGE_STANDARD = gnu99;
				GCC_WARN_64_TO_32_BIT_CONVERSION = YES;
				GCC_WARN_ABOUT_RETURN_TYPE = YES_ERROR;
				GCC_WARN_UNDECLARED_SELECTOR = YES;
				GCC_WARN_UNINITIALIZED_AUTOS = YES_AGGRESSIVE;
				GCC_WARN_UNUSED_FUNCTION = YES;
				GCC_WARN_UNUSED_VARIABLE = YES;
				IPHONEOS_DEPLOYMENT_TARGET = 8.1;
				MTL_ENABLE_DEBUG_INFO = NO;
				SDKROOT = iphoneos;
				VALIDATE_PRODUCT = YES;
			};
			name = Release;
		};
		92FD31961AAE715F00A7AA1D /* Debug */ = {
			isa = XCBuildConfiguration;
			buildSettings = {
				ASSETCATALOG_COMPILER_APPICON_NAME = AppIcon;
				INFOPLIST_FILE = Pick_A_Path/Info.plist;
				LD_RUNPATH_SEARCH_PATHS = "$(inherited) @executable_path/Frameworks";
				PRODUCT_NAME = "$(TARGET_NAME)";
			};
			name = Debug;
		};
		92FD31971AAE715F00A7AA1D /* Release */ = {
			isa = XCBuildConfiguration;
			buildSettings = {
				ASSETCATALOG_COMPILER_APPICON_NAME = AppIcon;
				INFOPLIST_FILE = Pick_A_Path/Info.plist;
				LD_RUNPATH_SEARCH_PATHS = "$(inherited) @executable_path/Frameworks";
				PRODUCT_NAME = "$(TARGET_NAME)";
			};
			name = Release;
		};
		92FD31991AAE715F00A7AA1D /* Debug */ = {
			isa = XCBuildConfiguration;
			buildSettings = {
				BUNDLE_LOADER = "$(TEST_HOST)";
				FRAMEWORK_SEARCH_PATHS = (
					"$(SDKROOT)/Developer/Library/Frameworks",
					"$(inherited)",
				);
				GCC_PREPROCESSOR_DEFINITIONS = (
					"DEBUG=1",
					"$(inherited)",
				);
				INFOPLIST_FILE = Pick_A_PathTests/Info.plist;
				LD_RUNPATH_SEARCH_PATHS = "$(inherited) @executable_path/Frameworks @loader_path/Frameworks";
				PRODUCT_NAME = "$(TARGET_NAME)";
				TEST_HOST = "$(BUILT_PRODUCTS_DIR)/Pick_A_Path.app/Pick_A_Path";
			};
			name = Debug;
		};
		92FD319A1AAE715F00A7AA1D /* Release */ = {
			isa = XCBuildConfiguration;
			buildSettings = {
				BUNDLE_LOADER = "$(TEST_HOST)";
				FRAMEWORK_SEARCH_PATHS = (
					"$(SDKROOT)/Developer/Library/Frameworks",
					"$(inherited)",
				);
				INFOPLIST_FILE = Pick_A_PathTests/Info.plist;
				LD_RUNPATH_SEARCH_PATHS = "$(inherited) @executable_path/Frameworks @loader_path/Frameworks";
				PRODUCT_NAME = "$(TARGET_NAME)";
				TEST_HOST = "$(BUILT_PRODUCTS_DIR)/Pick_A_Path.app/Pick_A_Path";
			};
			name = Release;
		};
/* End XCBuildConfiguration section */

/* Begin XCConfigurationList section */
		92FD316D1AAE715F00A7AA1D /* Build configuration list for PBXProject "Pick_A_Path" */ = {
			isa = XCConfigurationList;
			buildConfigurations = (
				92FD31931AAE715F00A7AA1D /* Debug */,
				92FD31941AAE715F00A7AA1D /* Release */,
			);
			defaultConfigurationIsVisible = 0;
			defaultConfigurationName = Release;
		};
		92FD31951AAE715F00A7AA1D /* Build configuration list for PBXNativeTarget "Pick_A_Path" */ = {
			isa = XCConfigurationList;
			buildConfigurations = (
				92FD31961AAE715F00A7AA1D /* Debug */,
				92FD31971AAE715F00A7AA1D /* Release */,
			);
			defaultConfigurationIsVisible = 0;
			defaultConfigurationName = Release;
		};
		92FD31981AAE715F00A7AA1D /* Build configuration list for PBXNativeTarget "Pick_A_PathTests" */ = {
			isa = XCConfigurationList;
			buildConfigurations = (
				92FD31991AAE715F00A7AA1D /* Debug */,
				92FD319A1AAE715F00A7AA1D /* Release */,
			);
			defaultConfigurationIsVisible = 0;
			defaultConfigurationName = Release;
		};
/* End XCConfigurationList section */
	};
	rootObject = 92FD316A1AAE715F00A7AA1D /* Project object */;
}
